
Microsoft Visual Studio Solution File, Format Version 12.00
# Visual Studio 15
VisualStudioVersion = 15.0.27004.2005
MinimumVisualStudioVersion = 10.0.40219.1
Project("{FAE04EC0-301F-11D3-BF4B-00C04F79EFBC}") = "Loja_Aula1", "Loja_Aula1\Loja_Aula1.csproj", "{2EDA18EA-1E59-434E-A886-11BEE99DE910}"
EndProject
Global
	GlobalSection(SolutionConfigurationPlatforms) = preSolution
		Debug|Any CPU = Debug|Any CPU
		Release|Any CPU = Release|Any CPU
	EndGlobalSection
	GlobalSection(ProjectConfigurationPlatforms) = postSolution
		{2EDA18EA-1E59-434E-A886-11BEE99DE910}.Debug|Any CPU.ActiveCfg = Debug|Any CPU
		{2EDA18EA-1E59-434E-A886-11BEE99DE910}.Debug|Any CPU.Build.0 = Debug|Any CPU
		{2EDA18EA-1E59-434E-A886-11BEE99DE910}.Release|Any CPU.ActiveCfg = Release|Any CPU
		{2EDA18EA-1E59-434E-A886-11BEE99DE910}.Release|Any CPU.Build.0 = Release|Any CPU
	EndGlobalSection
	GlobalSection(SolutionProperties) = preSolution
		HideSolutionNode = FALSE
	EndGlobalSection
	GlobalSection(ExtensibilityGlobals) = postSolution
		SolutionGuid = {721131C2-C085-4330-8840-31B260285BE7}
	EndGlobalSection
EndGlobal
